
Microsoft Visual Studio Solution File, Format Version 12.00
# Visual Studio Version 17
VisualStudioVersion = 17.4.33403.182
MinimumVisualStudioVersion = 10.0.40219.1
Project("{FAE04EC0-301F-11D3-BF4B-00C04F79EFBC}") = "tremorr's calculator", "tremorr's calculator\tremorr's calculator.csproj", "{80979F6F-3F8F-4C6B-845F-2E5566D4FE1A}"
EndProject
Global
	GlobalSection(SolutionConfigurationPlatforms) = preSolution
		Debug|Any CPU = Debug|Any CPU
		Release|Any CPU = Release|Any CPU
	EndGlobalSection
	GlobalSection(ProjectConfigurationPlatforms) = postSolution
		{80979F6F-3F8F-4C6B-845F-2E5566D4FE1A}.Debug|Any CPU.ActiveCfg = Debug|Any CPU
		{80979F6F-3F8F-4C6B-845F-2E5566D4FE1A}.Debug|Any CPU.Build.0 = Debug|Any CPU
		{80979F6F-3F8F-4C6B-845F-2E5566D4FE1A}.Release|Any CPU.ActiveCfg = Release|Any CPU
		{80979F6F-3F8F-4C6B-845F-2E5566D4FE1A}.Release|Any CPU.Build.0 = Release|Any CPU
	EndGlobalSection
	GlobalSection(SolutionProperties) = preSolution
		HideSolutionNode = FALSE
	EndGlobalSection
	GlobalSection(ExtensibilityGlobals) = postSolution
		SolutionGuid = {AA1F0B0F-DDC8-4A80-877B-4D7F27E471FE}
	EndGlobalSection
EndGlobal
